
Microsoft Visual Studio Solution File, Format Version 12.00
# Visual Studio Version 17
VisualStudioVersion = 17.14.36414.22 d17.14
MinimumVisualStudioVersion = 10.0.40219.1
Project("{FAE04EC0-301F-11D3-BF4B-00C04F79EFBC}") = "QuizService", "QuizService\QuizService.csproj", "{74071220-902F-41F5-9FDD-2E783CC9D45E}"
EndProject
Global
	GlobalSection(SolutionConfigurationPlatforms) = preSolution
		Debug|Any CPU = Debug|Any CPU
		Release|Any CPU = Release|Any CPU
	EndGlobalSection
	GlobalSection(ProjectConfigurationPlatforms) = postSolution
		{74071220-902F-41F5-9FDD-2E783CC9D45E}.Debug|Any CPU.ActiveCfg = Debug|Any CPU
		{74071220-902F-41F5-9FDD-2E783CC9D45E}.Debug|Any CPU.Build.0 = Debug|Any CPU
		{74071220-902F-41F5-9FDD-2E783CC9D45E}.Release|Any CPU.ActiveCfg = Release|Any CPU
		{74071220-902F-41F5-9FDD-2E783CC9D45E}.Release|Any CPU.Build.0 = Release|Any CPU
	EndGlobalSection
	GlobalSection(SolutionProperties) = preSolution
		HideSolutionNode = FALSE
	EndGlobalSection
	GlobalSection(ExtensibilityGlobals) = postSolution
		SolutionGuid = {FBC314B8-C8C9-4377-AF4D-CD3868F2AE66}
	EndGlobalSection
EndGlobal
